
Microsoft Visual Studio Solution File, Format Version 12.00
# Visual Studio 15
VisualStudioVersion = 15.0.28307.271
MinimumVisualStudioVersion = 10.0.40219.1
Project("{2150E333-8FDC-42A3-9474-1A3956D46DE8}") = "Domain", "Domain", "{8D554115-8984-407A-ACBF-C6813987FBE1}"
EndProject
Project("{9A19103F-16F7-4668-BE54-9A1E7A4F7556}") = "AarimApi", "AarimApi\AarimApi.csproj", "{9C9E94C3-04C8-44E9-8C7B-28A2C4A3D06F}"
EndProject
Project("{9A19103F-16F7-4668-BE54-9A1E7A4F7556}") = "Aarim.Data", "Domain\Aarim.Data\Aarim.Data.csproj", "{067553FE-327D-46A9-B8CE-9FB515E143C3}"
EndProject
Project("{9A19103F-16F7-4668-BE54-9A1E7A4F7556}") = "Aarim.Migrations", "Domain\Aarim.Migrations\Aarim.Migrations.csproj", "{FC7DA619-5A02-41CC-B811-02F5D3BE363C}"
EndProject
Project("{9A19103F-16F7-4668-BE54-9A1E7A4F7556}") = "Aarim.Models", "Domain\Aarim.Models\Aarim.Models.csproj", "{769D5B5C-6D0B-4B18-AEBF-4D838D702C59}"
EndProject
Project("{9A19103F-16F7-4668-BE54-9A1E7A4F7556}") = "Aarim.Services", "Domain\Aarim.Services\Aarim.Services.csproj", "{36771DAC-C673-4EC3-8778-063CA008F8E7}"
EndProject
Project("{9A19103F-16F7-4668-BE54-9A1E7A4F7556}") = "Aarim.Repository", "Domain\Arim.Repository\Aarim.Repository.csproj", "{C381443D-C577-43DC-B42A-A7691DC38365}"
EndProject
Global
	GlobalSection(SolutionConfigurationPlatforms) = preSolution
		Debug|Any CPU = Debug|Any CPU
		Release|Any CPU = Release|Any CPU
	EndGlobalSection
	GlobalSection(ProjectConfigurationPlatforms) = postSolution
		{9C9E94C3-04C8-44E9-8C7B-28A2C4A3D06F}.Debug|Any CPU.ActiveCfg = Debug|Any CPU
		{9C9E94C3-04C8-44E9-8C7B-28A2C4A3D06F}.Debug|Any CPU.Build.0 = Debug|Any CPU
		{9C9E94C3-04C8-44E9-8C7B-28A2C4A3D06F}.Release|Any CPU.ActiveCfg = Release|Any CPU
		{9C9E94C3-04C8-44E9-8C7B-28A2C4A3D06F}.Release|Any CPU.Build.0 = Release|Any CPU
		{067553FE-327D-46A9-B8CE-9FB515E143C3}.Debug|Any CPU.ActiveCfg = Debug|Any CPU
		{067553FE-327D-46A9-B8CE-9FB515E143C3}.Debug|Any CPU.Build.0 = Debug|Any CPU
		{067553FE-327D-46A9-B8CE-9FB515E143C3}.Release|Any CPU.ActiveCfg = Release|Any CPU
		{067553FE-327D-46A9-B8CE-9FB515E143C3}.Release|Any CPU.Build.0 = Release|Any CPU
		{FC7DA619-5A02-41CC-B811-02F5D3BE363C}.Debug|Any CPU.ActiveCfg = Debug|Any CPU
		{FC7DA619-5A02-41CC-B811-02F5D3BE363C}.Debug|Any CPU.Build.0 = Debug|Any CPU
		{FC7DA619-5A02-41CC-B811-02F5D3BE363C}.Release|Any CPU.ActiveCfg = Release|Any CPU
		{FC7DA619-5A02-41CC-B811-02F5D3BE363C}.Release|Any CPU.Build.0 = Release|Any CPU
		{769D5B5C-6D0B-4B18-AEBF-4D838D702C59}.Debug|Any CPU.ActiveCfg = Debug|Any CPU
		{769D5B5C-6D0B-4B18-AEBF-4D838D702C59}.Debug|Any CPU.Build.0 = Debug|Any CPU
		{769D5B5C-6D0B-4B18-AEBF-4D838D702C59}.Release|Any CPU.ActiveCfg = Release|Any CPU
		{769D5B5C-6D0B-4B18-AEBF-4D838D702C59}.Release|Any CPU.Build.0 = Release|Any CPU
		{36771DAC-C673-4EC3-8778-063CA008F8E7}.Debug|Any CPU.ActiveCfg = Debug|Any CPU
		{36771DAC-C673-4EC3-8778-063CA008F8E7}.Debug|Any CPU.Build.0 = Debug|Any CPU
		{36771DAC-C673-4EC3-8778-063CA008F8E7}.Release|Any CPU.ActiveCfg = Release|Any CPU
		{36771DAC-C673-4EC3-8778-063CA008F8E7}.Release|Any CPU.Build.0 = Release|Any CPU
		{C381443D-C577-43DC-B42A-A7691DC38365}.Debug|Any CPU.ActiveCfg = Debug|Any CPU
		{C381443D-C577-43DC-B42A-A7691DC38365}.Debug|Any CPU.Build.0 = Debug|Any CPU
		{C381443D-C577-43DC-B42A-A7691DC38365}.Release|Any CPU.ActiveCfg = Release|Any CPU
		{C381443D-C577-43DC-B42A-A7691DC38365}.Release|Any CPU.Build.0 = Release|Any CPU
	EndGlobalSection
	GlobalSection(SolutionProperties) = preSolution
		HideSolutionNode = FALSE
	EndGlobalSection
	GlobalSection(NestedProjects) = preSolution
		{067553FE-327D-46A9-B8CE-9FB515E143C3} = {8D554115-8984-407A-ACBF-C6813987FBE1}
		{FC7DA619-5A02-41CC-B811-02F5D3BE363C} = {8D554115-8984-407A-ACBF-C6813987FBE1}
		{769D5B5C-6D0B-4B18-AEBF-4D838D702C59} = {8D554115-8984-407A-ACBF-C6813987FBE1}
		{36771DAC-C673-4EC3-8778-063CA008F8E7} = {8D554115-8984-407A-ACBF-C6813987FBE1}
		{C381443D-C577-43DC-B42A-A7691DC38365} = {8D554115-8984-407A-ACBF-C6813987FBE1}
	EndGlobalSection
	GlobalSection(ExtensibilityGlobals) = postSolution
		SolutionGuid = {2A6920FB-DB97-4948-A0DC-AB3C19DC3C07}
	EndGlobalSection
EndGlobal
